// !$*UTF8*$!
{
	archiveVersion = 1;
	classes = {
	};
	objectVersion = 50;
	objects = {

/* Begin PBXBuildFile section */
		ED0236522669F9B000F96FAD /* Constants.swift in Sources */ = {isa = PBXBuildFile; fileRef = ED0236512669F9B000F96FAD /* Constants.swift */; };
		ED19F00E2761D1AE0056F85C /* Box.swift in Sources */ = {isa = PBXBuildFile; fileRef = ED19F00D2761D1AE0056F85C /* Box.swift */; };
		ED3B626F2682598B001CB140 /* Double+Ext.swift in Sources */ = {isa = PBXBuildFile; fileRef = ED3B626E2682598B001CB140 /* Double+Ext.swift */; };
		ED40B6BF26674E5D00D82624 /* CreditDetailsViewController.swift in Sources */ = {isa = PBXBuildFile; fileRef = ED40B6BE26674E5D00D82624 /* CreditDetailsViewController.swift */; };
		ED55DE47265A94E600BABCDC /* AppDelegate.swift in Sources */ = {isa = PBXBuildFile; fileRef = ED55DE46265A94E600BABCDC /* AppDelegate.swift */; };
		ED55DE49265A94E600BABCDC /* SceneDelegate.swift in Sources */ = {isa = PBXBuildFile; fileRef = ED55DE48265A94E600BABCDC /* SceneDelegate.swift */; };
		ED55DE4B265A94E600BABCDC /* CreditsViewController.swift in Sources */ = {isa = PBXBuildFile; fileRef = ED55DE4A265A94E600BABCDC /* CreditsViewController.swift */; };
		ED55DE4E265A94E600BABCDC /* Main.storyboard in Resources */ = {isa = PBXBuildFile; fileRef = ED55DE4C265A94E600BABCDC /* Main.storyboard */; };
		ED55DE51265A94E600BABCDC /* swift__my_credit.xcdatamodeld in Sources */ = {isa = PBXBuildFile; fileRef = ED55DE4F265A94E600BABCDC /* swift__my_credit.xcdatamodeld */; };
		ED55DE53265A94E700BABCDC /* Assets.xcassets in Resources */ = {isa = PBXBuildFile; fileRef = ED55DE52265A94E700BABCDC /* Assets.xcassets */; };
		ED55DE56265A94E700BABCDC /* LaunchScreen.storyboard in Resources */ = {isa = PBXBuildFile; fileRef = ED55DE54265A94E700BABCDC /* LaunchScreen.storyboard */; };
		ED55DE61265A9B1400BABCDC /* NewCreditViewController.swift in Sources */ = {isa = PBXBuildFile; fileRef = ED55DE60265A9B1400BABCDC /* NewCreditViewController.swift */; };
		ED55DE63265A9C7600BABCDC /* AboutViewController.swift in Sources */ = {isa = PBXBuildFile; fileRef = ED55DE62265A9C7600BABCDC /* AboutViewController.swift */; };
		ED75AF5327914457005B16B8 /* PersistenceManager.swift in Sources */ = {isa = PBXBuildFile; fileRef = ED75AF5227914457005B16B8 /* PersistenceManager.swift */; };
		ED75AF5527914558005B16B8 /* CoreDataPersistenceManager.swift in Sources */ = {isa = PBXBuildFile; fileRef = ED75AF5427914558005B16B8 /* CoreDataPersistenceManager.swift */; };
		ED75AF5727914657005B16B8 /* Credit.swift in Sources */ = {isa = PBXBuildFile; fileRef = ED75AF5627914657005B16B8 /* Credit.swift */; };
		EDB0653D274424060053A0E1 /* MCSlider.swift in Sources */ = {isa = PBXBuildFile; fileRef = EDB0653C274424060053A0E1 /* MCSlider.swift */; };
		EDB0653F274426BF0053A0E1 /* TestVC.swift in Sources */ = {isa = PBXBuildFile; fileRef = EDB0653E274426BF0053A0E1 /* TestVC.swift */; };
		EDB065452744297A0053A0E1 /* UIView+Ext.swift in Sources */ = {isa = PBXBuildFile; fileRef = EDB065442744297A0053A0E1 /* UIView+Ext.swift */; };
		EDB0654727442FB10053A0E1 /* Float+Ext.swift in Sources */ = {isa = PBXBuildFile; fileRef = EDB0654627442FB10053A0E1 /* Float+Ext.swift */; };
		EDB0654927458BBA0053A0E1 /* MCInput.swift in Sources */ = {isa = PBXBuildFile; fileRef = EDB0654827458BBA0053A0E1 /* MCInput.swift */; };
		EDB4BF672769185000A72738 /* String+Ext.swift in Sources */ = {isa = PBXBuildFile; fileRef = EDB4BF662769185000A72738 /* String+Ext.swift */; };
		EDC2B261274C272D00DA4DB4 /* TabBarController.swift in Sources */ = {isa = PBXBuildFile; fileRef = EDC2B260274C272D00DA4DB4 /* TabBarController.swift */; };
		EDC2B263274C2C6000DA4DB4 /* UIStackView+Ext.swift in Sources */ = {isa = PBXBuildFile; fileRef = EDC2B262274C2C6000DA4DB4 /* UIStackView+Ext.swift */; };
		EDCD78C52665555E00E6A5D2 /* CreditTableViewCell.swift in Sources */ = {isa = PBXBuildFile; fileRef = EDCD78C42665555E00E6A5D2 /* CreditTableViewCell.swift */; };
		EDE0EDD32679C16F006F077D /* CalculatorViewModel.swift in Sources */ = {isa = PBXBuildFile; fileRef = EDE0EDD22679C16F006F077D /* CalculatorViewModel.swift */; };
/* End PBXBuildFile section */

/* Begin PBXFileReference section */
		ED0236512669F9B000F96FAD /* Constants.swift */ = {isa = PBXFileReference; lastKnownFileType = sourcecode.swift; path = Constants.swift; sourceTree = "<group>"; };
		ED19F00D2761D1AE0056F85C /* Box.swift */ = {isa = PBXFileReference; lastKnownFileType = sourcecode.swift; path = Box.swift; sourceTree = "<group>"; };
		ED3B626E2682598B001CB140 /* Double+Ext.swift */ = {isa = PBXFileReference; lastKnownFileType = sourcecode.swift; path = "Double+Ext.swift"; sourceTree = "<group>"; };
		ED40B6BE26674E5D00D82624 /* CreditDetailsViewController.swift */ = {isa = PBXFileReference; lastKnownFileType = sourcecode.swift; path = CreditDetailsViewController.swift; sourceTree = "<group>"; };
		ED55DE43265A94E600BABCDC /* swift--my-credit.app */ = {isa = PBXFileReference; explicitFileType = wrapper.application; includeInIndex = 0; path = "swift--my-credit.app"; sourceTree = BUILT_PRODUCTS_DIR; };
		ED55DE46265A94E600BABCDC /* AppDelegate.swift */ = {isa = PBXFileReference; lastKnownFileType = sourcecode.swift; path = AppDelegate.swift; sourceTree = "<group>"; };
		ED55DE48265A94E600BABCDC /* SceneDelegate.swift */ = {isa = PBXFileReference; lastKnownFileType = sourcecode.swift; path = SceneDelegate.swift; sourceTree = "<group>"; };
		ED55DE4A265A94E600BABCDC /* CreditsViewController.swift */ = {isa = PBXFileReference; lastKnownFileType = sourcecode.swift; path = CreditsViewController.swift; sourceTree = "<group>"; };
		ED55DE4D265A94E600BABCDC /* Base */ = {isa = PBXFileReference; lastKnownFileType = file.storyboard; name = Base; path = Base.lproj/Main.storyboard; sourceTree = "<group>"; };
		ED55DE50265A94E600BABCDC /* swift__my_credit.xcdatamodel */ = {isa = PBXFileReference; lastKnownFileType = wrapper.xcdatamodel; path = swift__my_credit.xcdatamodel; sourceTree = "<group>"; };
		ED55DE52265A94E700BABCDC /* Assets.xcassets */ = {isa = PBXFileReference; lastKnownFileType = folder.assetcatalog; path = Assets.xcassets; sourceTree = "<group>"; };
		ED55DE55265A94E700BABCDC /* Base */ = {isa = PBXFileReference; lastKnownFileType = file.storyboard; name = Base; path = Base.lproj/LaunchScreen.storyboard; sourceTree = "<group>"; };
		ED55DE57265A94E700BABCDC /* Info.plist */ = {isa = PBXFileReference; lastKnownFileType = text.plist.xml; path = Info.plist; sourceTree = "<group>"; };
		ED55DE60265A9B1400BABCDC /* NewCreditViewController.swift */ = {isa = PBXFileReference; lastKnownFileType = sourcecode.swift; path = NewCreditViewController.swift; sourceTree = "<group>"; };
		ED55DE62265A9C7600BABCDC /* AboutViewController.swift */ = {isa = PBXFileReference; lastKnownFileType = sourcecode.swift; path = AboutViewController.swift; sourceTree = "<group>"; };
		ED75AF5227914457005B16B8 /* PersistenceManager.swift */ = {isa = PBXFileReference; lastKnownFileType = sourcecode.swift; path = PersistenceManager.swift; sourceTree = "<group>"; };
		ED75AF5427914558005B16B8 /* CoreDataPersistenceManager.swift */ = {isa = PBXFileReference; lastKnownFileType = sourcecode.swift; path = CoreDataPersistenceManager.swift; sourceTree = "<group>"; };
		ED75AF5627914657005B16B8 /* Credit.swift */ = {isa = PBXFileReference; lastKnownFileType = sourcecode.swift; path = Credit.swift; sourceTree = "<group>"; };
		EDB0653C274424060053A0E1 /* MCSlider.swift */ = {isa = PBXFileReference; lastKnownFileType = sourcecode.swift; path = MCSlider.swift; sourceTree = "<group>"; };
		EDB0653E274426BF0053A0E1 /* TestVC.swift */ = {isa = PBXFileReference; lastKnownFileType = sourcecode.swift; path = TestVC.swift; sourceTree = "<group>"; };
		EDB065442744297A0053A0E1 /* UIView+Ext.swift */ = {isa = PBXFileReference; lastKnownFileType = sourcecode.swift; path = "UIView+Ext.swift"; sourceTree = "<group>"; };
		EDB0654627442FB10053A0E1 /* Float+Ext.swift */ = {isa = PBXFileReference; lastKnownFileType = sourcecode.swift; path = "Float+Ext.swift"; sourceTree = "<group>"; };
		EDB0654827458BBA0053A0E1 /* MCInput.swift */ = {isa = PBXFileReference; lastKnownFileType = sourcecode.swift; path = MCInput.swift; sourceTree = "<group>"; };
		EDB4BF662769185000A72738 /* String+Ext.swift */ = {isa = PBXFileReference; lastKnownFileType = sourcecode.swift; path = "String+Ext.swift"; sourceTree = "<group>"; };
		EDC2B260274C272D00DA4DB4 /* TabBarController.swift */ = {isa = PBXFileReference; lastKnownFileType = sourcecode.swift; path = TabBarController.swift; sourceTree = "<group>"; };
		EDC2B262274C2C6000DA4DB4 /* UIStackView+Ext.swift */ = {isa = PBXFileReference; lastKnownFileType = sourcecode.swift; path = "UIStackView+Ext.swift"; sourceTree = "<group>"; };
		EDCD78C42665555E00E6A5D2 /* CreditTableViewCell.swift */ = {isa = PBXFileReference; lastKnownFileType = sourcecode.swift; path = CreditTableViewCell.swift; sourceTree = "<group>"; };
		EDE0EDD22679C16F006F077D /* CalculatorViewModel.swift */ = {isa = PBXFileReference; lastKnownFileType = sourcecode.swift; path = CalculatorViewModel.swift; sourceTree = "<group>"; };
/* End PBXFileReference section */

/* Begin PBXFrameworksBuildPhase section */
		ED55DE40265A94E600BABCDC /* Frameworks */ = {
			isa = PBXFrameworksBuildPhase;
			buildActionMask = 2147483647;
			files = (
			);
			runOnlyForDeploymentPostprocessing = 0;
		};
/* End PBXFrameworksBuildPhase section */

/* Begin PBXGroup section */
		ED19F00B2761CD240056F85C /* ViewModel */ = {
			isa = PBXGroup;
			children = (
				EDE0EDD22679C16F006F077D /* CalculatorViewModel.swift */,
			);
			path = ViewModel;
			sourceTree = "<group>";
		};
		ED19F00C2761D1A40056F85C /* Helpers */ = {
			isa = PBXGroup;
			children = (
				ED19F00D2761D1AE0056F85C /* Box.swift */,
			);
			path = Helpers;
			sourceTree = "<group>";
		};
		ED3B626D26825968001CB140 /* Extensions */ = {
			isa = PBXGroup;
			children = (
				ED3B626E2682598B001CB140 /* Double+Ext.swift */,
				EDB4BF662769185000A72738 /* String+Ext.swift */,
				EDB0654627442FB10053A0E1 /* Float+Ext.swift */,
				EDC2B262274C2C6000DA4DB4 /* UIStackView+Ext.swift */,
				EDB065442744297A0053A0E1 /* UIView+Ext.swift */,
			);
			path = Extensions;
			sourceTree = "<group>";
		};
		ED55DE3A265A94E600BABCDC = {
			isa = PBXGroup;
			children = (
				ED55DE45265A94E600BABCDC /* swift--my-credit */,
				ED55DE44265A94E600BABCDC /* Products */,
			);
			sourceTree = "<group>";
		};
		ED55DE44265A94E600BABCDC /* Products */ = {
			isa = PBXGroup;
			children = (
				ED55DE43265A94E600BABCDC /* swift--my-credit.app */,
			);
			name = Products;
			sourceTree = "<group>";
		};
		ED55DE45265A94E600BABCDC /* swift--my-credit */ = {
			isa = PBXGroup;
			children = (
				EDAB0B4726859D63009FAA40 /* Controllers */,
				ED3B626D26825968001CB140 /* Extensions */,
				ED19F00C2761D1A40056F85C /* Helpers */,
				ED75AF51279143C9005B16B8 /* Managers */,
				EDE0EDD12679C157006F077D /* Model */,
				EDB06540274427980053A0E1 /* Utilities */,
				ED19F00B2761CD240056F85C /* ViewModel */,
				EDAB0B4826859DA6009FAA40 /* Views */,
				ED55DE46265A94E600BABCDC /* AppDelegate.swift */,
				ED55DE48265A94E600BABCDC /* SceneDelegate.swift */,
				ED55DE52265A94E700BABCDC /* Assets.xcassets */,
				ED55DE57265A94E700BABCDC /* Info.plist */,
			);
			path = "swift--my-credit";
			sourceTree = "<group>";
		};
		ED75AF51279143C9005B16B8 /* Managers */ = {
			isa = PBXGroup;
			children = (
				ED75AF5227914457005B16B8 /* PersistenceManager.swift */,
				ED75AF5427914558005B16B8 /* CoreDataPersistenceManager.swift */,
			);
			path = Managers;
			sourceTree = "<group>";
		};
		EDAB0B4726859D63009FAA40 /* Controllers */ = {
			isa = PBXGroup;
			children = (
				ED55DE4A265A94E600BABCDC /* CreditsViewController.swift */,
				ED55DE60265A9B1400BABCDC /* NewCreditViewController.swift */,
				EDCD78C42665555E00E6A5D2 /* CreditTableViewCell.swift */,
				ED40B6BE26674E5D00D82624 /* CreditDetailsViewController.swift */,
				ED55DE62265A9C7600BABCDC /* AboutViewController.swift */,
				EDB0653E274426BF0053A0E1 /* TestVC.swift */,
				EDC2B260274C272D00DA4DB4 /* TabBarController.swift */,
			);
			path = Controllers;
			sourceTree = "<group>";
		};
		EDAB0B4826859DA6009FAA40 /* Views */ = {
			isa = PBXGroup;
			children = (
				ED55DE4C265A94E600BABCDC /* Main.storyboard */,
				ED55DE54265A94E700BABCDC /* LaunchScreen.storyboard */,
				EDB0653C274424060053A0E1 /* MCSlider.swift */,
				EDB0654827458BBA0053A0E1 /* MCInput.swift */,
			);
			path = Views;
			sourceTree = "<group>";
		};
		EDB06540274427980053A0E1 /* Utilities */ = {
			isa = PBXGroup;
			children = (
				ED0236512669F9B000F96FAD /* Constants.swift */,
			);
			path = Utilities;
			sourceTree = "<group>";
		};
		EDE0EDD12679C157006F077D /* Model */ = {
			isa = PBXGroup;
			children = (
				ED55DE4F265A94E600BABCDC /* swift__my_credit.xcdatamodeld */,
				ED75AF5627914657005B16B8 /* Credit.swift */,
			);
			path = Model;
			sourceTree = "<group>";
		};
/* End PBXGroup section */

/* Begin PBXNativeTarget section */
		ED55DE42265A94E600BABCDC /* swift--my-credit */ = {
			isa = PBXNativeTarget;
			buildConfigurationList = ED55DE5A265A94E700BABCDC /* Build configuration list for PBXNativeTarget "swift--my-credit" */;
			buildPhases = (
				ED55DE3F265A94E600BABCDC /* Sources */,
				ED55DE40265A94E600BABCDC /* Frameworks */,
				ED55DE41265A94E600BABCDC /* Resources */,
			);
			buildRules = (
			);
			dependencies = (
			);
			name = "swift--my-credit";
			productName = "swift--my-credit";
			productReference = ED55DE43265A94E600BABCDC /* swift--my-credit.app */;
			productType = "com.apple.product-type.application";
		};
/* End PBXNativeTarget section */

/* Begin PBXProject section */
		ED55DE3B265A94E600BABCDC /* Project object */ = {
			isa = PBXProject;
			attributes = {
				LastSwiftUpdateCheck = 1250;
				LastUpgradeCheck = 1250;
				TargetAttributes = {
					ED55DE42265A94E600BABCDC = {
						CreatedOnToolsVersion = 12.5;
					};
				};
			};
			buildConfigurationList = ED55DE3E265A94E600BABCDC /* Build configuration list for PBXProject "swift--my-credit" */;
			compatibilityVersion = "Xcode 9.3";
			developmentRegion = en;
			hasScannedForEncodings = 0;
			knownRegions = (
				en,
				Base,
			);
			mainGroup = ED55DE3A265A94E600BABCDC;
			productRefGroup = ED55DE44265A94E600BABCDC /* Products */;
			projectDirPath = "";
			projectRoot = "";
			targets = (
				ED55DE42265A94E600BABCDC /* swift--my-credit */,
			);
		};
/* End PBXProject section */

/* Begin PBXResourcesBuildPhase section */
		ED55DE41265A94E600BABCDC /* Resources */ = {
			isa = PBXResourcesBuildPhase;
			buildActionMask = 2147483647;
			files = (
				ED55DE56265A94E700BABCDC /* LaunchScreen.storyboard in Resources */,
				ED55DE53265A94E700BABCDC /* Assets.xcassets in Resources */,
				ED55DE4E265A94E600BABCDC /* Main.storyboard in Resources */,
			);
			runOnlyForDeploymentPostprocessing = 0;
		};
/* End PBXResourcesBuildPhase section */

/* Begin PBXSourcesBuildPhase section */
		ED55DE3F265A94E600BABCDC /* Sources */ = {
			isa = PBXSourcesBuildPhase;
			buildActionMask = 2147483647;
			files = (
				EDB065452744297A0053A0E1 /* UIView+Ext.swift in Sources */,
				ED75AF5727914657005B16B8 /* Credit.swift in Sources */,
				EDB0653D274424060053A0E1 /* MCSlider.swift in Sources */,
				ED19F00E2761D1AE0056F85C /* Box.swift in Sources */,
				ED55DE51265A94E600BABCDC /* swift__my_credit.xcdatamodeld in Sources */,
				ED55DE4B265A94E600BABCDC /* CreditsViewController.swift in Sources */,
				ED55DE47265A94E600BABCDC /* AppDelegate.swift in Sources */,
				ED3B626F2682598B001CB140 /* Double+Ext.swift in Sources */,
				EDC2B261274C272D00DA4DB4 /* TabBarController.swift in Sources */,
				EDE0EDD32679C16F006F077D /* CalculatorViewModel.swift in Sources */,
				ED55DE63265A9C7600BABCDC /* AboutViewController.swift in Sources */,
				EDB0654927458BBA0053A0E1 /* MCInput.swift in Sources */,
				ED40B6BF26674E5D00D82624 /* CreditDetailsViewController.swift in Sources */,
				EDB0653F274426BF0053A0E1 /* TestVC.swift in Sources */,
				ED55DE49265A94E600BABCDC /* SceneDelegate.swift in Sources */,
				EDB0654727442FB10053A0E1 /* Float+Ext.swift in Sources */,
				ED75AF5327914457005B16B8 /* PersistenceManager.swift in Sources */,
				EDCD78C52665555E00E6A5D2 /* CreditTableViewCell.swift in Sources */,
				EDC2B263274C2C6000DA4DB4 /* UIStackView+Ext.swift in Sources */,
				ED75AF5527914558005B16B8 /* CoreDataPersistenceManager.swift in Sources */,
				ED55DE61265A9B1400BABCDC /* NewCreditViewController.swift in Sources */,
				EDB4BF672769185000A72738 /* String+Ext.swift in Sources */,
				ED0236522669F9B000F96FAD /* Constants.swift in Sources */,
			);
			runOnlyForDeploymentPostprocessing = 0;
		};
/* End PBXSourcesBuildPhase section */

/* Begin PBXVariantGroup section */
		ED55DE4C265A94E600BABCDC /* Main.storyboard */ = {
			isa = PBXVariantGroup;
			children = (
				ED55DE4D265A94E600BABCDC /* Base */,
			);
			name = Main.storyboard;
			sourceTree = "<group>";
		};
		ED55DE54265A94E700BABCDC /* LaunchScreen.storyboard */ = {
			isa = PBXVariantGroup;
			children = (
				ED55DE55265A94E700BABCDC /* Base */,
			);
			name = LaunchScreen.storyboard;
			sourceTree = "<group>";
		};
/* End PBXVariantGroup section */

/* Begin XCBuildConfiguration section */
		ED55DE58265A94E700BABCDC /* Debug */ = {
			isa = XCBuildConfiguration;
			buildSettings = {
				ALWAYS_SEARCH_USER_PATHS = NO;
				CLANG_ANALYZER_NONNULL = YES;
				CLANG_ANALYZER_NUMBER_OBJECT_CONVERSION = YES_AGGRESSIVE;
				CLANG_CXX_LANGUAGE_STANDARD = "gnu++14";
				CLANG_CXX_LIBRARY = "libc++";
				CLANG_ENABLE_MODULES = YES;
				CLANG_ENABLE_OBJC_ARC = YES;
				CLANG_ENABLE_OBJC_WEAK = YES;
				CLANG_WARN_BLOCK_CAPTURE_AUTORELEASING = YES;
				CLANG_WARN_BOOL_CONVERSION = YES;
				CLANG_WARN_COMMA = YES;
				CLANG_WARN_CONSTANT_CONVERSION = YES;
				CLANG_WARN_DEPRECATED_OBJC_IMPLEMENTATIONS = YES;
				CLANG_WARN_DIRECT_OBJC_ISA_USAGE = YES_ERROR;
				CLANG_WARN_DOCUMENTATION_COMMENTS = YES;
				CLANG_WARN_EMPTY_BODY = YES;
				CLANG_WARN_ENUM_CONVERSION = YES;
				CLANG_WARN_INFINITE_RECURSION = YES;
				CLANG_WARN_INT_CONVERSION = YES;
				CLANG_WARN_NON_LITERAL_NULL_CONVERSION = YES;
				CLANG_WARN_OBJC_IMPLICIT_RETAIN_SELF = YES;
				CLANG_WARN_OBJC_LITERAL_CONVERSION = YES;
				CLANG_WARN_OBJC_ROOT_CLASS = YES_ERROR;
				CLANG_WARN_QUOTED_INCLUDE_IN_FRAMEWORK_HEADER = YES;
				CLANG_WARN_RANGE_LOOP_ANALYSIS = YES;
				CLANG_WARN_STRICT_PROTOTYPES = YES;
				CLANG_WARN_SUSPICIOUS_MOVE = YES;
				CLANG_WARN_UNGUARDED_AVAILABILITY = YES_AGGRESSIVE;
				CLANG_WARN_UNREACHABLE_CODE = YES;
				CLANG_WARN__DUPLICATE_METHOD_MATCH = YES;
				COPY_PHASE_STRIP = NO;
				DEBUG_INFORMATION_FORMAT = dwarf;
				ENABLE_STRICT_OBJC_MSGSEND = YES;
				ENABLE_TESTABILITY = YES;
				GCC_C_LANGUAGE_STANDARD = gnu11;
				GCC_DYNAMIC_NO_PIC = NO;
				GCC_NO_COMMON_BLOCKS = YES;
				GCC_OPTIMIZATION_LEVEL = 0;
				GCC_PREPROCESSOR_DEFINITIONS = (
					"DEBUG=1",
					"$(inherited)",
				);
				GCC_WARN_64_TO_32_BIT_CONVERSION = YES;
				GCC_WARN_ABOUT_RETURN_TYPE = YES_ERROR;
				GCC_WARN_UNDECLARED_SELECTOR = YES;
				GCC_WARN_UNINITIALIZED_AUTOS = YES_AGGRESSIVE;
				GCC_WARN_UNUSED_FUNCTION = YES;
				GCC_WARN_UNUSED_VARIABLE = YES;
				IPHONEOS_DEPLOYMENT_TARGET = 14.5;
				MTL_ENABLE_DEBUG_INFO = INCLUDE_SOURCE;
				MTL_FAST_MATH = YES;
				ONLY_ACTIVE_ARCH = YES;
				SDKROOT = iphoneos;
				SWIFT_ACTIVE_COMPILATION_CONDITIONS = DEBUG;
				SWIFT_OPTIMIZATION_LEVEL = "-Onone";
			};
			name = Debug;
		};
		ED55DE59265A94E700BABCDC /* Release */ = {
			isa = XCBuildConfiguration;
			buildSettings = {
				ALWAYS_SEARCH_USER_PATHS = NO;
				CLANG_ANALYZER_NONNULL = YES;
				CLANG_ANALYZER_NUMBER_OBJECT_CONVERSION = YES_AGGRESSIVE;
				CLANG_CXX_LANGUAGE_STANDARD = "gnu++14";
				CLANG_CXX_LIBRARY = "libc++";
				CLANG_ENABLE_MODULES = YES;
				CLANG_ENABLE_OBJC_ARC = YES;
				CLANG_ENABLE_OBJC_WEAK = YES;
				CLANG_WARN_BLOCK_CAPTURE_AUTORELEASING = YES;
				CLANG_WARN_BOOL_CONVERSION = YES;
				CLANG_WARN_COMMA = YES;
				CLANG_WARN_CONSTANT_CONVERSION = YES;
				CLANG_WARN_DEPRECATED_OBJC_IMPLEMENTATIONS = YES;
				CLANG_WARN_DIRECT_OBJC_ISA_USAGE = YES_ERROR;
				CLANG_WARN_DOCUMENTATION_COMMENTS = YES;
				CLANG_WARN_EMPTY_BODY = YES;
				CLANG_WARN_ENUM_CONVERSION = YES;
				CLANG_WARN_INFINITE_RECURSION = YES;
				CLANG_WARN_INT_CONVERSION = YES;
				CLANG_WARN_NON_LITERAL_NULL_CONVERSION = YES;
				CLANG_WARN_OBJC_IMPLICIT_RETAIN_SELF = YES;
				CLANG_WARN_OBJC_LITERAL_CONVERSION = YES;
				CLANG_WARN_OBJC_ROOT_CLASS = YES_ERROR;
				CLANG_WARN_QUOTED_INCLUDE_IN_FRAMEWORK_HEADER = YES;
				CLANG_WARN_RANGE_LOOP_ANALYSIS = YES;
				CLANG_WARN_STRICT_PROTOTYPES = YES;
				CLANG_WARN_SUSPICIOUS_MOVE = YES;
				CLANG_WARN_UNGUARDED_AVAILABILITY = YES_AGGRESSIVE;
				CLANG_WARN_UNREACHABLE_CODE = YES;
				CLANG_WARN__DUPLICATE_METHOD_MATCH = YES;
				COPY_PHASE_STRIP = NO;
				DEBUG_INFORMATION_FORMAT = "dwarf-with-dsym";
				ENABLE_NS_ASSERTIONS = NO;
				ENABLE_STRICT_OBJC_MSGSEND = YES;
				GCC_C_LANGUAGE_STANDARD = gnu11;
				GCC_NO_COMMON_BLOCKS = YES;
				GCC_WARN_64_TO_32_BIT_CONVERSION = YES;
				GCC_WARN_ABOUT_RETURN_TYPE = YES_ERROR;
				GCC_WARN_UNDECLARED_SELECTOR = YES;
				GCC_WARN_UNINITIALIZED_AUTOS = YES_AGGRESSIVE;
				GCC_WARN_UNUSED_FUNCTION = YES;
				GCC_WARN_UNUSED_VARIABLE = YES;
				IPHONEOS_DEPLOYMENT_TARGET = 14.5;
				MTL_ENABLE_DEBUG_INFO = NO;
				MTL_FAST_MATH = YES;
				SDKROOT = iphoneos;
				SWIFT_COMPILATION_MODE = wholemodule;
				SWIFT_OPTIMIZATION_LEVEL = "-O";
				VALIDATE_PRODUCT = YES;
			};
			name = Release;
		};
		ED55DE5B265A94E700BABCDC /* Debug */ = {
			isa = XCBuildConfiguration;
			buildSettings = {
				ASSETCATALOG_COMPILER_APPICON_NAME = AppIcon;
				ASSETCATALOG_COMPILER_GLOBAL_ACCENT_COLOR_NAME = AccentColor;
				CODE_SIGN_STYLE = Automatic;
				DEVELOPMENT_TEAM = 9X3MVJZRD6;
				INFOPLIST_FILE = "swift--my-credit/Info.plist";
				LD_RUNPATH_SEARCH_PATHS = (
					"$(inherited)",
					"@executable_path/Frameworks",
				);
				PRODUCT_BUNDLE_IDENTIFIER = "com.serasmi.swift--my-credit";
				PRODUCT_NAME = "$(TARGET_NAME)";
				SWIFT_VERSION = 5.0;
				TARGETED_DEVICE_FAMILY = "1,2";
			};
			name = Debug;
		};
		ED55DE5C265A94E700BABCDC /* Release */ = {
			isa = XCBuildConfiguration;
			buildSettings = {
				ASSETCATALOG_COMPILER_APPICON_NAME = AppIcon;
				ASSETCATALOG_COMPILER_GLOBAL_ACCENT_COLOR_NAME = AccentColor;
				CODE_SIGN_STYLE = Automatic;
				DEVELOPMENT_TEAM = 9X3MVJZRD6;
				INFOPLIST_FILE = "swift--my-credit/Info.plist";
				LD_RUNPATH_SEARCH_PATHS = (
					"$(inherited)",
					"@executable_path/Frameworks",
				);
				PRODUCT_BUNDLE_IDENTIFIER = "com.serasmi.swift--my-credit";
				PRODUCT_NAME = "$(TARGET_NAME)";
				SWIFT_VERSION = 5.0;
				TARGETED_DEVICE_FAMILY = "1,2";
			};
			name = Release;
		};
/* End XCBuildConfiguration section */

/* Begin XCConfigurationList section */
		ED55DE3E265A94E600BABCDC /* Build configuration list for PBXProject "swift--my-credit" */ = {
			isa = XCConfigurationList;
			buildConfigurations = (
				ED55DE58265A94E700BABCDC /* Debug */,
				ED55DE59265A94E700BABCDC /* Release */,
			);
			defaultConfigurationIsVisible = 0;
			defaultConfigurationName = Release;
		};
		ED55DE5A265A94E700BABCDC /* Build configuration list for PBXNativeTarget "swift--my-credit" */ = {
			isa = XCConfigurationList;
			buildConfigurations = (
				ED55DE5B265A94E700BABCDC /* Debug */,
				ED55DE5C265A94E700BABCDC /* Release */,
			);
			defaultConfigurationIsVisible = 0;
			defaultConfigurationName = Release;
		};
/* End XCConfigurationList section */

/* Begin XCVersionGroup section */
		ED55DE4F265A94E600BABCDC /* swift__my_credit.xcdatamodeld */ = {
			isa = XCVersionGroup;
			children = (
				ED55DE50265A94E600BABCDC /* swift__my_credit.xcdatamodel */,
			);
			currentVersion = ED55DE50265A94E600BABCDC /* swift__my_credit.xcdatamodel */;
			path = swift__my_credit.xcdatamodeld;
			sourceTree = "<group>";
			versionGroupType = wrapper.xcdatamodel;
		};
/* End XCVersionGroup section */
	};
	rootObject = ED55DE3B265A94E600BABCDC /* Project object */;
}
